github.com/Sirupsen/logrus v1.0.6 h1:HCAGQRk48dRVPA5Y+Yh0qdCSTzPOyU1tBJ7Q9YzotII=
github.com/Sirupsen/logrus v1.0.6/go.mod h1:rmk17hk6i8ZSAJkSDa7nOxamrG+SP4P0mm+DAvExv4U=
github.com/alecthomas/units v0.0.0-20151022065526-2efee857e7cf h1:qet1QNfXsQxTZqLG4oE62mJzwPIB8+Tee4RNCL9ulrY=
github.com/alecthomas/units v0.0.0-20151022065526-2efee857e7cf/go.mod h1:ybxpYRFXyAe+OPACYpWeL0wqObRcbAqCMya13uyzqw0=
github.com/emicklei/go-restful v2.8.0+incompatible h1:wN8GCRDPGHguIynsnBartv5GUgGUg1LAU7+xnSn1j7Q=
github.com/emicklei/go-restful v2.8.0+incompatible/go.mod h1:otzb+WCGbkyDHkqmQmT5YD2WR4BBwUdeQoFo8l/7tVs=
github.com/evq/go-kinet v0.0.0-20150507235913-efa3d31a214a h1:JqXTztXuKFfQjEvpvtDtDoYr/LHWq3iVjf6YjWsH9n4=
github.com/evq/go-kinet v0.0.0-20150507235913-efa3d31a214a/go.mod h1:Tga540sKXmK7AH/SAJuc9LDTd5hrXwcQy+WdR0RqYZY=
github.com/evq/go-restful v1.1.3 h1:8NSVspoU1bhO7/QCsVB0YtGvjvncjxAZZK5Y5bhbOjE=
github.com/evq/go-restful v1.1.3/go.mod h1:IsKBmHtA/VDlyRWoYOEdty5G/9bix8yVGTt1ZRT3T9Q=
github.com/evq/go-restful v1.1.4-0.20150515170135-7a2eee481cad h1:goN4PfrSOsM6APa39ExvWKYQFJoh8/IJWM5o0elCl8w=
github.com/evq/go-restful v1.1.4-0.20150515170135-7a2eee481cad/go.mod h1:IsKBmHtA/VDlyRWoYOEdty5G/9bix8yVGTt1ZRT3T9Q=
github.com/gorilla/mux v1.6.2 h1:Pgr17XVTNXAk3q/r4CpKzC5xBM/qW1uVLV+IhRZpIIk=
github.com/gorilla/mux v1.6.2/go.mod h1:1lud6UwP+6orDFRuTfBEV8e9/aOM/c4fVVCaMa2zaAs=
github.com/jteeuwen/go-bindata v3.0.7+incompatible h1:91Uy4d9SYVr1kyTJ15wJsog+esAZZl7JmEfTkwmhJts=
github.com/jteeuwen/go-bindata v3.0.7+incompatible/go.mod h1:JVvhzYOiGBnFSYRyV00iY8q7/0PThjIYav1p9h5dmKs=
github.com/kellydunn/go-opc v0.1.0 h1:OaLL1nAszyXscoyYGY6P11QskMAHq8vzjgbGutN9x/c=
github.com/kellydunn/go-opc v0.1.0/go.mod h1:1ji4srxPhzrfFGvPLz3OjtGhRFP7blDQdyjdfyGuPmQ=
github.com/lucasb-eyer/go-colorful v0.0.0-20180709185858-c7842319cf3a h1:B2QfFRl5yGVGGcyEVFzfdXlC1BBvszsIAsCeef2oD0k=
github.com/lucasb-eyer/go-colorful v0.0.0-20180709185858-c7842319cf3a/go.mod h1:NXg0ArsFk0Y01623LgUqoqcouGDB+PwCCQlrwrG6xJ4=
golang.org/x/crypto v0.0.0-20180910181607-0e37d006457b h1:2b9XGzhjiYsYPnKXoEfL7klWZQIt8IfyRCz62gCqqlQ=
golang.org/x/crypto v0.0.0-20180910181607-0e37d006457b/go.mod h1:6SG95UA2DQfeDnfUPMdvaQW0Q7yPrPDi9nlGo2tz2b4=
golang.org/x/sys v0.0.0-20180909124046-d0be0721c37e h1:o3PsSEY8E4eXWkXrIP9YJALUkVZqzHJT5DOasTyn8Vs=
golang.org/x/sys v0.0.0-20180909124046-d0be0721c37e/go.mod h1:STP8DvDyc/dI5b8T5hshtkjS+E42TnysNCUPdjciGhY=
gopkg.in/alecthomas/kingpin.v1 v1.3.7 h1:Wu7NdOktFr6uMMaXIkZ1eDz7z6KMbpVoDCrTbYCUtiA=
gopkg.in/alecthomas/kingpin.v1 v1.3.7/go.mod h1:vs0oy7ub8knYaut5kITUTmx/WeE4xRuEeOR34yEAWEA=
